
Microsoft Visual Studio Solution File, Format Version 12.00
# Visual Studio Version 17
VisualStudioVersion = 17.1.31911.260
MinimumVisualStudioVersion = 10.0.40219.1
Project("{9A19103F-16F7-4668-BE54-9A1E7A4F7556}") = "MrLogger", "Baturhan.Logger\MrLogger.csproj", "{D2784920-1576-49FD-8A1F-64C7CCBCC036}"
EndProject
Project("{9A19103F-16F7-4668-BE54-9A1E7A4F7556}") = "MrLogger.Test", "MrLogger.Test\MrLogger.Test.csproj", "{21753626-0003-418B-8FF0-51C9F407FD62}"
EndProject
Project("{FAE04EC0-301F-11D3-BF4B-00C04F79EFBC}") = "MrLoggerConsole", "MrLoggerConsole\MrLoggerConsole.csproj", "{B3ED3D18-0B44-4CEB-86CE-0C89386E11EE}"
EndProject
Global
	GlobalSection(SolutionConfigurationPlatforms) = preSolution
		Debug|Any CPU = Debug|Any CPU
		Release|Any CPU = Release|Any CPU
	EndGlobalSection
	GlobalSection(ProjectConfigurationPlatforms) = postSolution
		{D2784920-1576-49FD-8A1F-64C7CCBCC036}.Debug|Any CPU.ActiveCfg = Debug|Any CPU
		{D2784920-1576-49FD-8A1F-64C7CCBCC036}.Debug|Any CPU.Build.0 = Debug|Any CPU
		{D2784920-1576-49FD-8A1F-64C7CCBCC036}.Release|Any CPU.ActiveCfg = Release|Any CPU
		{D2784920-1576-49FD-8A1F-64C7CCBCC036}.Release|Any CPU.Build.0 = Release|Any CPU
		{21753626-0003-418B-8FF0-51C9F407FD62}.Debug|Any CPU.ActiveCfg = Debug|Any CPU
		{21753626-0003-418B-8FF0-51C9F407FD62}.Debug|Any CPU.Build.0 = Debug|Any CPU
		{21753626-0003-418B-8FF0-51C9F407FD62}.Release|Any CPU.ActiveCfg = Release|Any CPU
		{21753626-0003-418B-8FF0-51C9F407FD62}.Release|Any CPU.Build.0 = Release|Any CPU
		{B3ED3D18-0B44-4CEB-86CE-0C89386E11EE}.Debug|Any CPU.ActiveCfg = Debug|Any CPU
		{B3ED3D18-0B44-4CEB-86CE-0C89386E11EE}.Debug|Any CPU.Build.0 = Debug|Any CPU
		{B3ED3D18-0B44-4CEB-86CE-0C89386E11EE}.Release|Any CPU.ActiveCfg = Release|Any CPU
		{B3ED3D18-0B44-4CEB-86CE-0C89386E11EE}.Release|Any CPU.Build.0 = Release|Any CPU
	EndGlobalSection
	GlobalSection(SolutionProperties) = preSolution
		HideSolutionNode = FALSE
	EndGlobalSection
	GlobalSection(ExtensibilityGlobals) = postSolution
		SolutionGuid = {968892D5-AB65-4F50-9A85-5C36C2210DB6}
	EndGlobalSection
EndGlobal
